
Microsoft Visual Studio Solution File, Format Version 12.00
# Visual Studio Version 17
VisualStudioVersion = 17.0.31912.275
MinimumVisualStudioVersion = 10.0.40219.1
Project("{D954291E-2A0B-460D-934E-DC6B0785DB48}") = "MarkNobleUno6.Shared", "MarkNobleUno6\MarkNobleUno6.Shared\MarkNobleUno6.Shared.shproj", "{6279C845-92F8-4333-AB99-3D213163593C}"
EndProject
Project("{2150E333-8FDC-42A3-9474-1A3956D46DE8}") = "Platforms", "Platforms", "{21306647-F5BB-4CB3-B13D-713B525FA845}"
EndProject
Project("{FAE04EC0-301F-11D3-BF4B-00C04F79EFBC}") = "MarkNobleUno6.Mobile", "MarkNobleUno6\MarkNobleUno6.Mobile\MarkNobleUno6.Mobile.csproj", "{6D5823BA-B7FA-411A-A545-74C9D5115281}"
EndProject
Project("{FAE04EC0-301F-11D3-BF4B-00C04F79EFBC}") = "MarkNobleUno6.UWP", "MarkNobleUno6\MarkNobleUno6.UWP\MarkNobleUno6.UWP.csproj", "{F5CA1DF6-097E-4C20-982A-9EF11FD1D135}"
EndProject
Project("{FAE04EC0-301F-11D3-BF4B-00C04F79EFBC}") = "MarkNobleUno6.Wasm", "MarkNobleUno6\MarkNobleUno6.Wasm\MarkNobleUno6.Wasm.csproj", "{F7D2D147-E099-4AE4-A9BA-8D60BBFE8E4D}"
EndProject
Project("{FAE04EC0-301F-11D3-BF4B-00C04F79EFBC}") = "MarkNobleUno6.Skia.Wpf.Host", "MarkNobleUno6\MarkNobleUno6.Skia.Wpf.Host\MarkNobleUno6.Skia.Wpf.Host.csproj", "{6359CF88-9371-4AED-952A-6C43D6E8F285}"
EndProject
Project("{FAE04EC0-301F-11D3-BF4B-00C04F79EFBC}") = "MarkNobleUno6.Skia.Wpf", "MarkNobleUno6\MarkNobleUno6.Skia.Wpf\MarkNobleUno6.Skia.Wpf.csproj", "{8DEC634B-635C-48FF-8510-3732A8513532}"
EndProject
Project("{FAE04EC0-301F-11D3-BF4B-00C04F79EFBC}") = "MarkNobleUno6.Skia.Gtk", "MarkNobleUno6\MarkNobleUno6.Skia.Gtk\MarkNobleUno6.Skia.Gtk.csproj", "{45D2950E-A8D4-409F-9D74-270452BAC010}"
EndProject
Global
	GlobalSection(SharedMSBuildProjectFiles) = preSolution
		MarkNobleUno6\MarkNobleUno6.Shared\MarkNobleUno6.Shared.projitems*{45d2950e-a8d4-409f-9d74-270452bac010}*SharedItemsImports = 5
		MarkNobleUno6\MarkNobleUno6.Shared\MarkNobleUno6.Shared.projitems*{6279c845-92f8-4333-ab99-3d213163593c}*SharedItemsImports = 13
		MarkNobleUno6\MarkNobleUno6.Shared\MarkNobleUno6.Shared.projitems*{6d5823ba-b7fa-411a-a545-74c9d5115281}*SharedItemsImports = 5
		MarkNobleUno6\MarkNobleUno6.Shared\MarkNobleUno6.Shared.projitems*{8dec634b-635c-48ff-8510-3732a8513532}*SharedItemsImports = 5
		MarkNobleUno6\MarkNobleUno6.Shared\MarkNobleUno6.Shared.projitems*{f5ca1df6-097e-4c20-982a-9ef11fd1d135}*SharedItemsImports = 4
		MarkNobleUno6\MarkNobleUno6.Shared\MarkNobleUno6.Shared.projitems*{f7d2d147-e099-4ae4-a9ba-8d60bbfe8e4d}*SharedItemsImports = 5
	EndGlobalSection
	GlobalSection(SolutionConfigurationPlatforms) = preSolution
		Debug|Any CPU = Debug|Any CPU
		Debug|ARM = Debug|ARM
		Debug|ARM64 = Debug|ARM64
		Debug|x64 = Debug|x64
		Debug|x86 = Debug|x86
		Release|Any CPU = Release|Any CPU
		Release|ARM = Release|ARM
		Release|ARM64 = Release|ARM64
		Release|x64 = Release|x64
		Release|x86 = Release|x86
	EndGlobalSection
	GlobalSection(ProjectConfigurationPlatforms) = postSolution
		{6D5823BA-B7FA-411A-A545-74C9D5115281}.Debug|Any CPU.ActiveCfg = Debug|Any CPU
		{6D5823BA-B7FA-411A-A545-74C9D5115281}.Debug|Any CPU.Build.0 = Debug|Any CPU
		{6D5823BA-B7FA-411A-A545-74C9D5115281}.Debug|ARM.ActiveCfg = Debug|Any CPU
		{6D5823BA-B7FA-411A-A545-74C9D5115281}.Debug|ARM.Build.0 = Debug|Any CPU
		{6D5823BA-B7FA-411A-A545-74C9D5115281}.Debug|ARM64.ActiveCfg = Debug|Any CPU
		{6D5823BA-B7FA-411A-A545-74C9D5115281}.Debug|ARM64.Build.0 = Debug|Any CPU
		{6D5823BA-B7FA-411A-A545-74C9D5115281}.Debug|x64.ActiveCfg = Debug|Any CPU
		{6D5823BA-B7FA-411A-A545-74C9D5115281}.Debug|x64.Build.0 = Debug|Any CPU
		{6D5823BA-B7FA-411A-A545-74C9D5115281}.Debug|x86.ActiveCfg = Debug|Any CPU
		{6D5823BA-B7FA-411A-A545-74C9D5115281}.Debug|x86.Build.0 = Debug|Any CPU
		{6D5823BA-B7FA-411A-A545-74C9D5115281}.Release|Any CPU.ActiveCfg = Release|Any CPU
		{6D5823BA-B7FA-411A-A545-74C9D5115281}.Release|Any CPU.Build.0 = Release|Any CPU
		{6D5823BA-B7FA-411A-A545-74C9D5115281}.Release|ARM.ActiveCfg = Release|Any CPU
		{6D5823BA-B7FA-411A-A545-74C9D5115281}.Release|ARM.Build.0 = Release|Any CPU
		{6D5823BA-B7FA-411A-A545-74C9D5115281}.Release|ARM64.ActiveCfg = Release|Any CPU
		{6D5823BA-B7FA-411A-A545-74C9D5115281}.Release|ARM64.Build.0 = Release|Any CPU
		{6D5823BA-B7FA-411A-A545-74C9D5115281}.Release|x64.ActiveCfg = Release|Any CPU
		{6D5823BA-B7FA-411A-A545-74C9D5115281}.Release|x64.Build.0 = Release|Any CPU
		{6D5823BA-B7FA-411A-A545-74C9D5115281}.Release|x86.ActiveCfg = Release|Any CPU
		{6D5823BA-B7FA-411A-A545-74C9D5115281}.Release|x86.Build.0 = Release|Any CPU
		{F5CA1DF6-097E-4C20-982A-9EF11FD1D135}.Debug|Any CPU.ActiveCfg = Debug|x64
		{F5CA1DF6-097E-4C20-982A-9EF11FD1D135}.Debug|Any CPU.Build.0 = Debug|x64
		{F5CA1DF6-097E-4C20-982A-9EF11FD1D135}.Debug|Any CPU.Deploy.0 = Debug|x64
		{F5CA1DF6-097E-4C20-982A-9EF11FD1D135}.Debug|ARM.ActiveCfg = Debug|ARM
		{F5CA1DF6-097E-4C20-982A-9EF11FD1D135}.Debug|ARM.Build.0 = Debug|ARM
		{F5CA1DF6-097E-4C20-982A-9EF11FD1D135}.Debug|ARM.Deploy.0 = Debug|ARM
		{F5CA1DF6-097E-4C20-982A-9EF11FD1D135}.Debug|ARM64.ActiveCfg = Debug|ARM64
		{F5CA1DF6-097E-4C20-982A-9EF11FD1D135}.Debug|ARM64.Build.0 = Debug|ARM64
		{F5CA1DF6-097E-4C20-982A-9EF11FD1D135}.Debug|ARM64.Deploy.0 = Debug|ARM64
		{F5CA1DF6-097E-4C20-982A-9EF11FD1D135}.Debug|x64.ActiveCfg = Debug|x64
		{F5CA1DF6-097E-4C20-982A-9EF11FD1D135}.Debug|x64.Build.0 = Debug|x64
		{F5CA1DF6-097E-4C20-982A-9EF11FD1D135}.Debug|x64.Deploy.0 = Debug|x64
		{F5CA1DF6-097E-4C20-982A-9EF11FD1D135}.Debug|x86.ActiveCfg = Debug|x86
		{F5CA1DF6-097E-4C20-982A-9EF11FD1D135}.Debug|x86.Build.0 = Debug|x86
		{F5CA1DF6-097E-4C20-982A-9EF11FD1D135}.Debug|x86.Deploy.0 = Debug|x86
		{F5CA1DF6-097E-4C20-982A-9EF11FD1D135}.Release|Any CPU.ActiveCfg = Release|x64
		{F5CA1DF6-097E-4C20-982A-9EF11FD1D135}.Release|Any CPU.Build.0 = Release|x64
		{F5CA1DF6-097E-4C20-982A-9EF11FD1D135}.Release|Any CPU.Deploy.0 = Release|x64
		{F5CA1DF6-097E-4C20-982A-9EF11FD1D135}.Release|ARM.ActiveCfg = Release|ARM
		{F5CA1DF6-097E-4C20-982A-9EF11FD1D135}.Release|ARM.Build.0 = Release|ARM
		{F5CA1DF6-097E-4C20-982A-9EF11FD1D135}.Release|ARM.Deploy.0 = Release|ARM
		{F5CA1DF6-097E-4C20-982A-9EF11FD1D135}.Release|ARM64.ActiveCfg = Release|ARM64
		{F5CA1DF6-097E-4C20-982A-9EF11FD1D135}.Release|ARM64.Build.0 = Release|ARM64
		{F5CA1DF6-097E-4C20-982A-9EF11FD1D135}.Release|ARM64.Deploy.0 = Release|ARM64
		{F5CA1DF6-097E-4C20-982A-9EF11FD1D135}.Release|x64.ActiveCfg = Release|x64
		{F5CA1DF6-097E-4C20-982A-9EF11FD1D135}.Release|x64.Build.0 = Release|x64
		{F5CA1DF6-097E-4C20-982A-9EF11FD1D135}.Release|x64.Deploy.0 = Release|x64
		{F5CA1DF6-097E-4C20-982A-9EF11FD1D135}.Release|x86.ActiveCfg = Release|x86
		{F5CA1DF6-097E-4C20-982A-9EF11FD1D135}.Release|x86.Build.0 = Release|x86
		{F5CA1DF6-097E-4C20-982A-9EF11FD1D135}.Release|x86.Deploy.0 = Release|x86
		{F7D2D147-E099-4AE4-A9BA-8D60BBFE8E4D}.Debug|Any CPU.ActiveCfg = Debug|Any CPU
		{F7D2D147-E099-4AE4-A9BA-8D60BBFE8E4D}.Debug|Any CPU.Build.0 = Debug|Any CPU
		{F7D2D147-E099-4AE4-A9BA-8D60BBFE8E4D}.Debug|ARM.ActiveCfg = Debug|Any CPU
		{F7D2D147-E099-4AE4-A9BA-8D60BBFE8E4D}.Debug|ARM.Build.0 = Debug|Any CPU
		{F7D2D147-E099-4AE4-A9BA-8D60BBFE8E4D}.Debug|ARM64.ActiveCfg = Debug|Any CPU
		{F7D2D147-E099-4AE4-A9BA-8D60BBFE8E4D}.Debug|ARM64.Build.0 = Debug|Any CPU
		{F7D2D147-E099-4AE4-A9BA-8D60BBFE8E4D}.Debug|x64.ActiveCfg = Debug|Any CPU
		{F7D2D147-E099-4AE4-A9BA-8D60BBFE8E4D}.Debug|x64.Build.0 = Debug|Any CPU
		{F7D2D147-E099-4AE4-A9BA-8D60BBFE8E4D}.Debug|x86.ActiveCfg = Debug|Any CPU
		{F7D2D147-E099-4AE4-A9BA-8D60BBFE8E4D}.Debug|x86.Build.0 = Debug|Any CPU
		{F7D2D147-E099-4AE4-A9BA-8D60BBFE8E4D}.Release|Any CPU.ActiveCfg = Release|Any CPU
		{F7D2D147-E099-4AE4-A9BA-8D60BBFE8E4D}.Release|Any CPU.Build.0 = Release|Any CPU
		{F7D2D147-E099-4AE4-A9BA-8D60BBFE8E4D}.Release|ARM.ActiveCfg = Release|Any CPU
		{F7D2D147-E099-4AE4-A9BA-8D60BBFE8E4D}.Release|ARM.Build.0 = Release|Any CPU
		{F7D2D147-E099-4AE4-A9BA-8D60BBFE8E4D}.Release|ARM64.ActiveCfg = Release|Any CPU
		{F7D2D147-E099-4AE4-A9BA-8D60BBFE8E4D}.Release|ARM64.Build.0 = Release|Any CPU
		{F7D2D147-E099-4AE4-A9BA-8D60BBFE8E4D}.Release|x64.ActiveCfg = Release|Any CPU
		{F7D2D147-E099-4AE4-A9BA-8D60BBFE8E4D}.Release|x64.Build.0 = Release|Any CPU
		{F7D2D147-E099-4AE4-A9BA-8D60BBFE8E4D}.Release|x86.ActiveCfg = Release|Any CPU
		{F7D2D147-E099-4AE4-A9BA-8D60BBFE8E4D}.Release|x86.Build.0 = Release|Any CPU
		{6359CF88-9371-4AED-952A-6C43D6E8F285}.Debug|Any CPU.ActiveCfg = Debug|Any CPU
		{6359CF88-9371-4AED-952A-6C43D6E8F285}.Debug|Any CPU.Build.0 = Debug|Any CPU
		{6359CF88-9371-4AED-952A-6C43D6E8F285}.Debug|ARM.ActiveCfg = Debug|Any CPU
		{6359CF88-9371-4AED-952A-6C43D6E8F285}.Debug|ARM.Build.0 = Debug|Any CPU
		{6359CF88-9371-4AED-952A-6C43D6E8F285}.Debug|ARM64.ActiveCfg = Debug|Any CPU
		{6359CF88-9371-4AED-952A-6C43D6E8F285}.Debug|ARM64.Build.0 = Debug|Any CPU
		{6359CF88-9371-4AED-952A-6C43D6E8F285}.Debug|x64.ActiveCfg = Debug|Any CPU
		{6359CF88-9371-4AED-952A-6C43D6E8F285}.Debug|x64.Build.0 = Debug|Any CPU
		{6359CF88-9371-4AED-952A-6C43D6E8F285}.Debug|x86.ActiveCfg = Debug|Any CPU
		{6359CF88-9371-4AED-952A-6C43D6E8F285}.Debug|x86.Build.0 = Debug|Any CPU
		{6359CF88-9371-4AED-952A-6C43D6E8F285}.Release|Any CPU.ActiveCfg = Release|Any CPU
		{6359CF88-9371-4AED-952A-6C43D6E8F285}.Release|Any CPU.Build.0 = Release|Any CPU
		{6359CF88-9371-4AED-952A-6C43D6E8F285}.Release|ARM.ActiveCfg = Release|Any CPU
		{6359CF88-9371-4AED-952A-6C43D6E8F285}.Release|ARM.Build.0 = Release|Any CPU
		{6359CF88-9371-4AED-952A-6C43D6E8F285}.Release|ARM64.ActiveCfg = Release|Any CPU
		{6359CF88-9371-4AED-952A-6C43D6E8F285}.Release|ARM64.Build.0 = Release|Any CPU
		{6359CF88-9371-4AED-952A-6C43D6E8F285}.Release|x64.ActiveCfg = Release|Any CPU
		{6359CF88-9371-4AED-952A-6C43D6E8F285}.Release|x64.Build.0 = Release|Any CPU
		{6359CF88-9371-4AED-952A-6C43D6E8F285}.Release|x86.ActiveCfg = Release|Any CPU
		{6359CF88-9371-4AED-952A-6C43D6E8F285}.Release|x86.Build.0 = Release|Any CPU
		{8DEC634B-635C-48FF-8510-3732A8513532}.Debug|Any CPU.ActiveCfg = Debug|Any CPU
		{8DEC634B-635C-48FF-8510-3732A8513532}.Debug|Any CPU.Build.0 = Debug|Any CPU
		{8DEC634B-635C-48FF-8510-3732A8513532}.Debug|ARM.ActiveCfg = Debug|Any CPU
		{8DEC634B-635C-48FF-8510-3732A8513532}.Debug|ARM.Build.0 = Debug|Any CPU
		{8DEC634B-635C-48FF-8510-3732A8513532}.Debug|ARM64.ActiveCfg = Debug|Any CPU
		{8DEC634B-635C-48FF-8510-3732A8513532}.Debug|ARM64.Build.0 = Debug|Any CPU
		{8DEC634B-635C-48FF-8510-3732A8513532}.Debug|x64.ActiveCfg = Debug|Any CPU
		{8DEC634B-635C-48FF-8510-3732A8513532}.Debug|x64.Build.0 = Debug|Any CPU
		{8DEC634B-635C-48FF-8510-3732A8513532}.Debug|x86.ActiveCfg = Debug|Any CPU
		{8DEC634B-635C-48FF-8510-3732A8513532}.Debug|x86.Build.0 = Debug|Any CPU
		{8DEC634B-635C-48FF-8510-3732A8513532}.Release|Any CPU.ActiveCfg = Release|Any CPU
		{8DEC634B-635C-48FF-8510-3732A8513532}.Release|Any CPU.Build.0 = Release|Any CPU
		{8DEC634B-635C-48FF-8510-3732A8513532}.Release|ARM.ActiveCfg = Release|Any CPU
		{8DEC634B-635C-48FF-8510-3732A8513532}.Release|ARM.Build.0 = Release|Any CPU
		{8DEC634B-635C-48FF-8510-3732A8513532}.Release|ARM64.ActiveCfg = Release|Any CPU
		{8DEC634B-635C-48FF-8510-3732A8513532}.Release|ARM64.Build.0 = Release|Any CPU
		{8DEC634B-635C-48FF-8510-3732A8513532}.Release|x64.ActiveCfg = Release|Any CPU
		{8DEC634B-635C-48FF-8510-3732A8513532}.Release|x64.Build.0 = Release|Any CPU
		{8DEC634B-635C-48FF-8510-3732A8513532}.Release|x86.ActiveCfg = Release|Any CPU
		{8DEC634B-635C-48FF-8510-3732A8513532}.Release|x86.Build.0 = Release|Any CPU
		{45D2950E-A8D4-409F-9D74-270452BAC010}.Debug|Any CPU.ActiveCfg = Debug|Any CPU
		{45D2950E-A8D4-409F-9D74-270452BAC010}.Debug|Any CPU.Build.0 = Debug|Any CPU
		{45D2950E-A8D4-409F-9D74-270452BAC010}.Debug|ARM.ActiveCfg = Debug|Any CPU
		{45D2950E-A8D4-409F-9D74-270452BAC010}.Debug|ARM.Build.0 = Debug|Any CPU
		{45D2950E-A8D4-409F-9D74-270452BAC010}.Debug|ARM64.ActiveCfg = Debug|Any CPU
		{45D2950E-A8D4-409F-9D74-270452BAC010}.Debug|ARM64.Build.0 = Debug|Any CPU
		{45D2950E-A8D4-409F-9D74-270452BAC010}.Debug|x64.ActiveCfg = Debug|Any CPU
		{45D2950E-A8D4-409F-9D74-270452BAC010}.Debug|x64.Build.0 = Debug|Any CPU
		{45D2950E-A8D4-409F-9D74-270452BAC010}.Debug|x86.ActiveCfg = Debug|Any CPU
		{45D2950E-A8D4-409F-9D74-270452BAC010}.Debug|x86.Build.0 = Debug|Any CPU
		{45D2950E-A8D4-409F-9D74-270452BAC010}.Release|Any CPU.ActiveCfg = Release|Any CPU
		{45D2950E-A8D4-409F-9D74-270452BAC010}.Release|Any CPU.Build.0 = Release|Any CPU
		{45D2950E-A8D4-409F-9D74-270452BAC010}.Release|ARM.ActiveCfg = Release|Any CPU
		{45D2950E-A8D4-409F-9D74-270452BAC010}.Release|ARM.Build.0 = Release|Any CPU
		{45D2950E-A8D4-409F-9D74-270452BAC010}.Release|ARM64.ActiveCfg = Release|Any CPU
		{45D2950E-A8D4-409F-9D74-270452BAC010}.Release|ARM64.Build.0 = Release|Any CPU
		{45D2950E-A8D4-409F-9D74-270452BAC010}.Release|x64.ActiveCfg = Release|Any CPU
		{45D2950E-A8D4-409F-9D74-270452BAC010}.Release|x64.Build.0 = Release|Any CPU
		{45D2950E-A8D4-409F-9D74-270452BAC010}.Release|x86.ActiveCfg = Release|Any CPU
		{45D2950E-A8D4-409F-9D74-270452BAC010}.Release|x86.Build.0 = Release|Any CPU
	EndGlobalSection
	GlobalSection(SolutionProperties) = preSolution
		HideSolutionNode = FALSE
	EndGlobalSection
	GlobalSection(NestedProjects) = preSolution
		{6D5823BA-B7FA-411A-A545-74C9D5115281} = {21306647-F5BB-4CB3-B13D-713B525FA845}
		{F5CA1DF6-097E-4C20-982A-9EF11FD1D135} = {21306647-F5BB-4CB3-B13D-713B525FA845}
		{F7D2D147-E099-4AE4-A9BA-8D60BBFE8E4D} = {21306647-F5BB-4CB3-B13D-713B525FA845}
		{6359CF88-9371-4AED-952A-6C43D6E8F285} = {21306647-F5BB-4CB3-B13D-713B525FA845}
		{8DEC634B-635C-48FF-8510-3732A8513532} = {21306647-F5BB-4CB3-B13D-713B525FA845}
		{45D2950E-A8D4-409F-9D74-270452BAC010} = {21306647-F5BB-4CB3-B13D-713B525FA845}
	EndGlobalSection
	GlobalSection(ExtensibilityGlobals) = postSolution
		SolutionGuid = {036ACD52-D503-4B84-90F7-8C47929D5747}
	EndGlobalSection
EndGlobal
